SITE
  remote: http://community.opscode.com/api/v1
  specs:
    build-essential (1.3.4)
    yum (2.2.0)

GIT
  remote: https://github.com/coderanger/chef-collectd_plugins
  ref: master
  sha: d8e264da9ad982dc75978e48c14a9323db553378
  specs:
    collectd_plugins (1.0.0)
      collectd (>= 0.0.0)

GIT
  remote: https://github.com/flaccid/chef-collectd
  ref: master
  sha: 7956367a5ad0553f6b1150f27c2d657d49c3618c
  specs:
    collectd (1.0.0)
      apache2 (>= 0.0.0)

GIT
  remote: https://github.com/flaccid/cookbooks
  path: cookbooks/boto
  ref: master
  sha: c70f7a7aa82537cb4e358e4e03bdafb44089aa9e
  specs:
    boto (0.0.1)
      python (>= 0.0.0)

GIT
  remote: https://github.com/flaccid/cookbooks
  path: cookbooks/resolver
  ref: master
  sha: c70f7a7aa82537cb4e358e4e03bdafb44089aa9e
  specs:
    resolver (0.8.2)

GIT
  remote: https://github.com/flaccid/cookbooks
  path: cookbooks/rest_connection
  ref: master
  sha: c70f7a7aa82537cb4e358e4e03bdafb44089aa9e
  specs:
    rest_connection (0.0.1)

GIT
  remote: https://github.com/flaccid/cookbooks
  path: cookbooks/rightscale
  ref: master
  sha: c70f7a7aa82537cb4e358e4e03bdafb44089aa9e
  specs:
    rightscale (0.0.1)
      collectd (>= 0.0.0)

GIT
  remote: https://github.com/flaccid/cookbooks
  path: cookbooks/system
  ref: master
  sha: c70f7a7aa82537cb4e358e4e03bdafb44089aa9e
  specs:
    system (0.0.1)
      cron (>= 0.0.0)

GIT
  remote: https://github.com/opscode-cookbooks/apache2
  ref: master
  sha: 3ff273c6f150e94e6445c3f67f9e54ac34b30933
  specs:
    apache2 (1.6.1)

GIT
  remote: https://github.com/opscode-cookbooks/cron
  ref: master
  sha: 45fde9f0cddc4f7a20d53f5938612b6a886359e7
  specs:
    cron (1.2.2)

GIT
  remote: https://github.com/opscode-cookbooks/ntp
  ref: master
  sha: 9b8c32f7187fa54dc190d93db5c3f737055155ba
  specs:
    ntp (1.3.2)

GIT
  remote: https://github.com/opscode-cookbooks/postfix
  ref: master
  sha: 9587dade56e56724954bba963cfc3d542bdbae18
  specs:
    postfix (2.1.4)

GIT
  remote: https://github.com/opscode-cookbooks/python
  ref: master
  sha: 4afbc5523b0787e08c63d41b2a1a05b0c554bf62
  specs:
    python (1.2.2)
      build-essential (>= 0.0.0)
      yum (>= 0.0.0)

GIT
  remote: https://github.com/opscode-cookbooks/sudo
  ref: master
  sha: 5c3238e1db680e80ba60a39d40765653babb752a
  specs:
    sudo (2.0.4)

DEPENDENCIES
  apache2 (>= 0)
  boto (>= 0)
  collectd (>= 0)
  collectd_plugins (>= 0)
  cron (>= 0)
  ntp (>= 0)
  postfix (>= 0)
  python (>= 0)
  resolver (>= 0)
  rest_connection (>= 0)
  rightscale (>= 0)
  sudo (>= 0)
  system (>= 0)

