SITE
  remote: http://community.opscode.com/api/v1
  specs:
    build-essential (1.4.0)
    python (1.3.4)
      build-essential (>= 0.0.0)
      yum (>= 0.0.0)
    yum (2.3.0)

GIT
  remote: https://github.com/flaccid/cookbooks
  path: cookbooks/boto
  ref: master
  sha: ae99a1f4c56cca4e9481211beb4f9dac588f691f
  specs:
    boto (0.0.1)
      python (>= 0.0.0)

DEPENDENCIES
  boto (>= 0)

